{
  "originHash" : "4928220140ea6944e753975d4dfa7a6b880e463d2a3cea575fceb5c3e7dfc6b7",
  "pins" : [
    {
      "identity" : "swift-cmark",
      "kind" : "remoteSourceControl",
      "location" : "https://github.com/swiftlang/swift-cmark",
      "state" : {
        "branch" : "gfm",
        "revision" : "7898f1b3e4befeecee56cb4a3bc8eebd2cb63219"
      }
    }
  ],
  "version" : 3
}
